
Microsoft Visual Studio Solution File, Format Version 12.00
# Visual Studio Version 16
VisualStudioVersion = 16.0.30204.135
MinimumVisualStudioVersion = 10.0.40219.1
Project("{2150E333-8FDC-42A3-9474-1A3956D46DE8}") = "Presentation", "Presentation", "{932C969B-29B9-4604-B750-B380F6EBA4D6}"
EndProject
Project("{9A19103F-16F7-4668-BE54-9A1E7A4F7556}") = "DailyDev.Desktop", "Presentation\DailyDev.Desktop\DailyDev.Desktop.csproj", "{DAAEFEE1-A509-44D0-93E0-62CFBC824EF4}"
EndProject
Project("{2150E333-8FDC-42A3-9474-1A3956D46DE8}") = "Infrastructure", "Infrastructure", "{103A4F67-A2C3-477B-907A-6DDE9C6855D3}"
EndProject
Project("{9A19103F-16F7-4668-BE54-9A1E7A4F7556}") = "DailyDev.Infrastructure.Services", "Infrastructure\DailyDev.Infrastructure.Services\DailyDev.Infrastructure.Services.csproj", "{E66B6C27-013C-406E-8246-66F9DB3082A5}"
EndProject
Project("{2150E333-8FDC-42A3-9474-1A3956D46DE8}") = "Domain", "Domain", "{59B70909-8F3E-42AA-BFF6-97CD71765758}"
EndProject
Project("{9A19103F-16F7-4668-BE54-9A1E7A4F7556}") = "DailyDev.Domain.Models", "Domain\DailyDev.Domain.Models\DailyDev.Domain.Models.csproj", "{27CA36CC-8D52-4F87-BB0A-37D8CE48CD0F}"
EndProject
Project("{FAE04EC0-301F-11D3-BF4B-00C04F79EFBC}") = "DailyDev.Domain.Data", "Domain\DailyDev.Domain.Data\DailyDev.Domain.Data.csproj", "{6D124B7F-86C9-4AA9-A9DD-0B987A908599}"
EndProject
Project("{FAE04EC0-301F-11D3-BF4B-00C04F79EFBC}") = "DailyDev.Domain.Business", "Domain\DailyDev.Domain.Business\DailyDev.Domain.Business.csproj", "{C0BD8DBF-5DBC-4363-A8D8-1CB93160CB1B}"
EndProject
Global
	GlobalSection(SolutionConfigurationPlatforms) = preSolution
		Debug|Any CPU = Debug|Any CPU
		Release|Any CPU = Release|Any CPU
	EndGlobalSection
	GlobalSection(ProjectConfigurationPlatforms) = postSolution
		{DAAEFEE1-A509-44D0-93E0-62CFBC824EF4}.Debug|Any CPU.ActiveCfg = Debug|Any CPU
		{DAAEFEE1-A509-44D0-93E0-62CFBC824EF4}.Debug|Any CPU.Build.0 = Debug|Any CPU
		{DAAEFEE1-A509-44D0-93E0-62CFBC824EF4}.Release|Any CPU.ActiveCfg = Release|Any CPU
		{DAAEFEE1-A509-44D0-93E0-62CFBC824EF4}.Release|Any CPU.Build.0 = Release|Any CPU
		{E66B6C27-013C-406E-8246-66F9DB3082A5}.Debug|Any CPU.ActiveCfg = Debug|Any CPU
		{E66B6C27-013C-406E-8246-66F9DB3082A5}.Debug|Any CPU.Build.0 = Debug|Any CPU
		{E66B6C27-013C-406E-8246-66F9DB3082A5}.Release|Any CPU.ActiveCfg = Release|Any CPU
		{E66B6C27-013C-406E-8246-66F9DB3082A5}.Release|Any CPU.Build.0 = Release|Any CPU
		{27CA36CC-8D52-4F87-BB0A-37D8CE48CD0F}.Debug|Any CPU.ActiveCfg = Debug|Any CPU
		{27CA36CC-8D52-4F87-BB0A-37D8CE48CD0F}.Debug|Any CPU.Build.0 = Debug|Any CPU
		{27CA36CC-8D52-4F87-BB0A-37D8CE48CD0F}.Release|Any CPU.ActiveCfg = Release|Any CPU
		{27CA36CC-8D52-4F87-BB0A-37D8CE48CD0F}.Release|Any CPU.Build.0 = Release|Any CPU
		{6D124B7F-86C9-4AA9-A9DD-0B987A908599}.Debug|Any CPU.ActiveCfg = Debug|Any CPU
		{6D124B7F-86C9-4AA9-A9DD-0B987A908599}.Debug|Any CPU.Build.0 = Debug|Any CPU
		{6D124B7F-86C9-4AA9-A9DD-0B987A908599}.Release|Any CPU.ActiveCfg = Release|Any CPU
		{6D124B7F-86C9-4AA9-A9DD-0B987A908599}.Release|Any CPU.Build.0 = Release|Any CPU
		{C0BD8DBF-5DBC-4363-A8D8-1CB93160CB1B}.Debug|Any CPU.ActiveCfg = Debug|Any CPU
		{C0BD8DBF-5DBC-4363-A8D8-1CB93160CB1B}.Debug|Any CPU.Build.0 = Debug|Any CPU
		{C0BD8DBF-5DBC-4363-A8D8-1CB93160CB1B}.Release|Any CPU.ActiveCfg = Release|Any CPU
		{C0BD8DBF-5DBC-4363-A8D8-1CB93160CB1B}.Release|Any CPU.Build.0 = Release|Any CPU
	EndGlobalSection
	GlobalSection(SolutionProperties) = preSolution
		HideSolutionNode = FALSE
	EndGlobalSection
	GlobalSection(NestedProjects) = preSolution
		{DAAEFEE1-A509-44D0-93E0-62CFBC824EF4} = {932C969B-29B9-4604-B750-B380F6EBA4D6}
		{E66B6C27-013C-406E-8246-66F9DB3082A5} = {103A4F67-A2C3-477B-907A-6DDE9C6855D3}
		{27CA36CC-8D52-4F87-BB0A-37D8CE48CD0F} = {59B70909-8F3E-42AA-BFF6-97CD71765758}
		{6D124B7F-86C9-4AA9-A9DD-0B987A908599} = {59B70909-8F3E-42AA-BFF6-97CD71765758}
		{C0BD8DBF-5DBC-4363-A8D8-1CB93160CB1B} = {59B70909-8F3E-42AA-BFF6-97CD71765758}
	EndGlobalSection
	GlobalSection(ExtensibilityGlobals) = postSolution
		SolutionGuid = {B73578FD-83BA-4EC9-8B7C-6A98B5CC65C5}
	EndGlobalSection
EndGlobal
