
Microsoft Visual Studio Solution File, Format Version 12.00
# Visual Studio Version 16
VisualStudioVersion = 16.0.30204.135
MinimumVisualStudioVersion = 10.0.40219.1
Project("{2150E333-8FDC-42A3-9474-1A3956D46DE8}") = "Presentation", "Presentation", "{932C969B-29B9-4604-B750-B380F6EBA4D6}"
EndProject
Project("{FAE04EC0-301F-11D3-BF4B-00C04F79EFBC}") = "DailyDev.Desktop", "Presentation\DailyDev.Desktop\DailyDev.Desktop.csproj", "{DAAEFEE1-A509-44D0-93E0-62CFBC824EF4}"
EndProject
Global
	GlobalSection(SolutionConfigurationPlatforms) = preSolution
		Debug|Any CPU = Debug|Any CPU
		Release|Any CPU = Release|Any CPU
	EndGlobalSection
	GlobalSection(ProjectConfigurationPlatforms) = postSolution
		{DAAEFEE1-A509-44D0-93E0-62CFBC824EF4}.Debug|Any CPU.ActiveCfg = Debug|Any CPU
		{DAAEFEE1-A509-44D0-93E0-62CFBC824EF4}.Debug|Any CPU.Build.0 = Debug|Any CPU
		{DAAEFEE1-A509-44D0-93E0-62CFBC824EF4}.Release|Any CPU.ActiveCfg = Release|Any CPU
		{DAAEFEE1-A509-44D0-93E0-62CFBC824EF4}.Release|Any CPU.Build.0 = Release|Any CPU
	EndGlobalSection
	GlobalSection(SolutionProperties) = preSolution
		HideSolutionNode = FALSE
	EndGlobalSection
	GlobalSection(NestedProjects) = preSolution
		{DAAEFEE1-A509-44D0-93E0-62CFBC824EF4} = {932C969B-29B9-4604-B750-B380F6EBA4D6}
	EndGlobalSection
	GlobalSection(ExtensibilityGlobals) = postSolution
		SolutionGuid = {B73578FD-83BA-4EC9-8B7C-6A98B5CC65C5}
	EndGlobalSection
EndGlobal
